
Microsoft Visual Studio Solution File, Format Version 12.00
# Visual Studio Version 17
VisualStudioVersion = 17.14.37027.9 d17.14
MinimumVisualStudioVersion = 10.0.40219.1
Project("{FAE04EC0-301F-11D3-BF4B-00C04F79EFBC}") = "ExamenFormatif", "ExamenFormatif\ExamenFormatif.csproj", "{89217CCF-AE40-4D22-8830-BC7B48154020}"
EndProject
Global
	GlobalSection(SolutionConfigurationPlatforms) = preSolution
		Debug|Any CPU = Debug|Any CPU
		Release|Any CPU = Release|Any CPU
	EndGlobalSection
	GlobalSection(ProjectConfigurationPlatforms) = postSolution
		{89217CCF-AE40-4D22-8830-BC7B48154020}.Debug|Any CPU.ActiveCfg = Debug|Any CPU
		{89217CCF-AE40-4D22-8830-BC7B48154020}.Debug|Any CPU.Build.0 = Debug|Any CPU
		{89217CCF-AE40-4D22-8830-BC7B48154020}.Release|Any CPU.ActiveCfg = Release|Any CPU
		{89217CCF-AE40-4D22-8830-BC7B48154020}.Release|Any CPU.Build.0 = Release|Any CPU
	EndGlobalSection
	GlobalSection(SolutionProperties) = preSolution
		HideSolutionNode = FALSE
	EndGlobalSection
	GlobalSection(ExtensibilityGlobals) = postSolution
		SolutionGuid = {D732C23B-B407-4AE1-8669-D01B4BDD0FF3}
	EndGlobalSection
EndGlobal
